
Microsoft Visual Studio Solution File, Format Version 12.00
# Visual Studio Version 17
VisualStudioVersion = 17.8.34408.163
MinimumVisualStudioVersion = 10.0.40219.1
Project("{2150E333-8FDC-42A3-9474-1A3956D46DE8}") = "src", "src", "{AA1B111F-6F6A-4CC0-AD50-637F00E47BC9}"
EndProject
Project("{2150E333-8FDC-42A3-9474-1A3956D46DE8}") = "test", "test", "{27756B81-5558-4AEB-B2A6-A81D6A7099E4}"
EndProject
Project("{2150E333-8FDC-42A3-9474-1A3956D46DE8}") = "Core", "Core", "{7F1A91B1-B9A9-45AB-A431-A8E6B4C70BBF}"
EndProject
Project("{FAE04EC0-301F-11D3-BF4B-00C04F79EFBC}") = "UKRainfall.Domain", "UKRainfall.Domain\UKRainfall.Domain.csproj", "{8B03E891-57C1-40BF-9D90-E8531DD0EE9A}"
EndProject
Project("{FAE04EC0-301F-11D3-BF4B-00C04F79EFBC}") = "UKRainfall.Application", "UKRainfall.Application\UKRainfall.Application.csproj", "{9AA5BD22-A99B-48AC-8905-A3C08C1828BF}"
EndProject
Project("{2150E333-8FDC-42A3-9474-1A3956D46DE8}") = "Infrastructure", "Infrastructure", "{8E7B6850-B24E-4EBE-BFA4-ACA8735B6A18}"
EndProject
Project("{FAE04EC0-301F-11D3-BF4B-00C04F79EFBC}") = "UKRainfall.Infrastructure", "UKRainfall.Infrastructure\UKRainfall.Infrastructure.csproj", "{7B6F8490-FFF9-496C-A502-3A9652D9FEB5}"
EndProject
Project("{FAE04EC0-301F-11D3-BF4B-00C04F79EFBC}") = "UKRainfall.Application.UnitTests", "UKRainfall.Application.UnitTests\UKRainfall.Application.UnitTests.csproj", "{744C51DB-3587-4D03-9C06-121197722FCA}"
EndProject
Project("{2150E333-8FDC-42A3-9474-1A3956D46DE8}") = "API", "API", "{4D0CA347-A6B7-4ECE-906F-0761B09DDEF7}"
EndProject
Project("{FAE04EC0-301F-11D3-BF4B-00C04F79EFBC}") = "UKRainfall.Api", "UKRainfall.Api\UKRainfall.Api.csproj", "{B6D93636-208F-4476-BCBD-FD7276E92A07}"
EndProject
Project("{FAE04EC0-301F-11D3-BF4B-00C04F79EFBC}") = "UKRainfall.API.IntegrationTests", "UKRainfall.API.IntegrationTests\UKRainfall.API.IntegrationTests.csproj", "{1746E711-A683-40C5-875D-19BFE57285CD}"
EndProject
Global
	GlobalSection(SolutionConfigurationPlatforms) = preSolution
		Debug|Any CPU = Debug|Any CPU
		Release|Any CPU = Release|Any CPU
	EndGlobalSection
	GlobalSection(ProjectConfigurationPlatforms) = postSolution
		{8B03E891-57C1-40BF-9D90-E8531DD0EE9A}.Debug|Any CPU.ActiveCfg = Debug|Any CPU
		{8B03E891-57C1-40BF-9D90-E8531DD0EE9A}.Debug|Any CPU.Build.0 = Debug|Any CPU
		{8B03E891-57C1-40BF-9D90-E8531DD0EE9A}.Release|Any CPU.ActiveCfg = Release|Any CPU
		{8B03E891-57C1-40BF-9D90-E8531DD0EE9A}.Release|Any CPU.Build.0 = Release|Any CPU
		{9AA5BD22-A99B-48AC-8905-A3C08C1828BF}.Debug|Any CPU.ActiveCfg = Debug|Any CPU
		{9AA5BD22-A99B-48AC-8905-A3C08C1828BF}.Debug|Any CPU.Build.0 = Debug|Any CPU
		{9AA5BD22-A99B-48AC-8905-A3C08C1828BF}.Release|Any CPU.ActiveCfg = Release|Any CPU
		{9AA5BD22-A99B-48AC-8905-A3C08C1828BF}.Release|Any CPU.Build.0 = Release|Any CPU
		{7B6F8490-FFF9-496C-A502-3A9652D9FEB5}.Debug|Any CPU.ActiveCfg = Debug|Any CPU
		{7B6F8490-FFF9-496C-A502-3A9652D9FEB5}.Debug|Any CPU.Build.0 = Debug|Any CPU
		{7B6F8490-FFF9-496C-A502-3A9652D9FEB5}.Release|Any CPU.ActiveCfg = Release|Any CPU
		{7B6F8490-FFF9-496C-A502-3A9652D9FEB5}.Release|Any CPU.Build.0 = Release|Any CPU
		{744C51DB-3587-4D03-9C06-121197722FCA}.Debug|Any CPU.ActiveCfg = Debug|Any CPU
		{744C51DB-3587-4D03-9C06-121197722FCA}.Debug|Any CPU.Build.0 = Debug|Any CPU
		{744C51DB-3587-4D03-9C06-121197722FCA}.Release|Any CPU.ActiveCfg = Release|Any CPU
		{744C51DB-3587-4D03-9C06-121197722FCA}.Release|Any CPU.Build.0 = Release|Any CPU
		{B6D93636-208F-4476-BCBD-FD7276E92A07}.Debug|Any CPU.ActiveCfg = Debug|Any CPU
		{B6D93636-208F-4476-BCBD-FD7276E92A07}.Debug|Any CPU.Build.0 = Debug|Any CPU
		{B6D93636-208F-4476-BCBD-FD7276E92A07}.Release|Any CPU.ActiveCfg = Release|Any CPU
		{B6D93636-208F-4476-BCBD-FD7276E92A07}.Release|Any CPU.Build.0 = Release|Any CPU
		{1746E711-A683-40C5-875D-19BFE57285CD}.Debug|Any CPU.ActiveCfg = Debug|Any CPU
		{1746E711-A683-40C5-875D-19BFE57285CD}.Debug|Any CPU.Build.0 = Debug|Any CPU
		{1746E711-A683-40C5-875D-19BFE57285CD}.Release|Any CPU.ActiveCfg = Release|Any CPU
		{1746E711-A683-40C5-875D-19BFE57285CD}.Release|Any CPU.Build.0 = Release|Any CPU
	EndGlobalSection
	GlobalSection(SolutionProperties) = preSolution
		HideSolutionNode = FALSE
	EndGlobalSection
	GlobalSection(NestedProjects) = preSolution
		{7F1A91B1-B9A9-45AB-A431-A8E6B4C70BBF} = {AA1B111F-6F6A-4CC0-AD50-637F00E47BC9}
		{8B03E891-57C1-40BF-9D90-E8531DD0EE9A} = {7F1A91B1-B9A9-45AB-A431-A8E6B4C70BBF}
		{9AA5BD22-A99B-48AC-8905-A3C08C1828BF} = {7F1A91B1-B9A9-45AB-A431-A8E6B4C70BBF}
		{8E7B6850-B24E-4EBE-BFA4-ACA8735B6A18} = {AA1B111F-6F6A-4CC0-AD50-637F00E47BC9}
		{7B6F8490-FFF9-496C-A502-3A9652D9FEB5} = {8E7B6850-B24E-4EBE-BFA4-ACA8735B6A18}
		{744C51DB-3587-4D03-9C06-121197722FCA} = {27756B81-5558-4AEB-B2A6-A81D6A7099E4}
		{4D0CA347-A6B7-4ECE-906F-0761B09DDEF7} = {AA1B111F-6F6A-4CC0-AD50-637F00E47BC9}
		{B6D93636-208F-4476-BCBD-FD7276E92A07} = {4D0CA347-A6B7-4ECE-906F-0761B09DDEF7}
		{1746E711-A683-40C5-875D-19BFE57285CD} = {27756B81-5558-4AEB-B2A6-A81D6A7099E4}
	EndGlobalSection
	GlobalSection(ExtensibilityGlobals) = postSolution
		SolutionGuid = {6004C98A-A8E7-476C-885E-17AE8CBF999B}
	EndGlobalSection
EndGlobal
